
Microsoft Visual Studio Solution File, Format Version 12.00
# Visual Studio 15
VisualStudioVersion = 15.0.28307.572
MinimumVisualStudioVersion = 10.0.40219.1
Project("{FAE04EC0-301F-11D3-BF4B-00C04F79EFBC}") = "ObisProje", "ObisProje\ObisProje.csproj", "{7C7CB1B3-0049-43C2-BA5E-CC1911041706}"
EndProject
Global
	GlobalSection(SolutionConfigurationPlatforms) = preSolution
		Debug|Any CPU = Debug|Any CPU
		Release|Any CPU = Release|Any CPU
	EndGlobalSection
	GlobalSection(ProjectConfigurationPlatforms) = postSolution
		{7C7CB1B3-0049-43C2-BA5E-CC1911041706}.Debug|Any CPU.ActiveCfg = Debug|Any CPU
		{7C7CB1B3-0049-43C2-BA5E-CC1911041706}.Debug|Any CPU.Build.0 = Debug|Any CPU
		{7C7CB1B3-0049-43C2-BA5E-CC1911041706}.Release|Any CPU.ActiveCfg = Release|Any CPU
		{7C7CB1B3-0049-43C2-BA5E-CC1911041706}.Release|Any CPU.Build.0 = Release|Any CPU
	EndGlobalSection
	GlobalSection(SolutionProperties) = preSolution
		HideSolutionNode = FALSE
	EndGlobalSection
	GlobalSection(ExtensibilityGlobals) = postSolution
		SolutionGuid = {88A0224B-907A-454A-8B4E-743ADFF7AAC5}
	EndGlobalSection
EndGlobal
